// !$*UTF8*$!
{
	archiveVersion = 1;
	classes = {
	};
	objectVersion = 56;
	objects = {

/* Begin PBXBuildFile section */
		B4660213CE13BE1DB5EA88D1 /* Pods_YaMusicMaker.framework in Frameworks */ = {isa = PBXBuildFile; fileRef = 92BEB2641F76464D7F152D69 /* Pods_YaMusicMaker.framework */; };
		C6005CEB2AF6A11F0097B76E /* LayerTableViewCell.swift in Sources */ = {isa = PBXBuildFile; fileRef = C6005CEA2AF6A11F0097B76E /* LayerTableViewCell.swift */; };
		C6005CF12AF6A52E0097B76E /* hihat.wav in Resources */ = {isa = PBXBuildFile; fileRef = C6005CEF2AF6A3720097B76E /* hihat.wav */; };
		C6005CF22AF6A5310097B76E /* snare.wav in Resources */ = {isa = PBXBuildFile; fileRef = C6005CEE2AF6A3720097B76E /* snare.wav */; };
		C6005CF32AF6A5330097B76E /* kick.wav in Resources */ = {isa = PBXBuildFile; fileRef = C6005CED2AF6A3710097B76E /* kick.wav */; };
		C6005CF62AF6A6BC0097B76E /* SelfSizingTableView.swift in Sources */ = {isa = PBXBuildFile; fileRef = C6005CF52AF6A6BC0097B76E /* SelfSizingTableView.swift */; };
		C6005CF82AF6D51C0097B76E /* Sample.swift in Sources */ = {isa = PBXBuildFile; fileRef = C6005CF72AF6D51C0097B76E /* Sample.swift */; };
		C6005CFA2AF6D6B10097B76E /* Constants.swift in Sources */ = {isa = PBXBuildFile; fileRef = C6005CF92AF6D6B10097B76E /* Constants.swift */; };
		C6005CFC2AF6DDAE0097B76E /* AudioService.swift in Sources */ = {isa = PBXBuildFile; fileRef = C6005CFB2AF6DDAE0097B76E /* AudioService.swift */; };
		C6B2DCC22AF7CCBF00C95593 /* TrackRecorder.swift in Sources */ = {isa = PBXBuildFile; fileRef = C6B2DCC12AF7CCBF00C95593 /* TrackRecorder.swift */; };
		C6B2DCC42AF7D95C00C95593 /* UnsafeBufferPointer+ext.swift in Sources */ = {isa = PBXBuildFile; fileRef = C6B2DCC32AF7D95C00C95593 /* UnsafeBufferPointer+ext.swift */; };
		C6B2DCC62AF7D97100C95593 /* WaveformView.swift in Sources */ = {isa = PBXBuildFile; fileRef = C6B2DCC52AF7D97100C95593 /* WaveformView.swift */; };
		C6B2DCCA2AF7DDCC00C95593 /* brass3.wav in Resources */ = {isa = PBXBuildFile; fileRef = C6B2DCC72AF7DDCB00C95593 /* brass3.wav */; };
		C6B2DCCB2AF7DDCC00C95593 /* brass1.wav in Resources */ = {isa = PBXBuildFile; fileRef = C6B2DCC82AF7DDCB00C95593 /* brass1.wav */; };
		C6B2DCCC2AF7DDCC00C95593 /* brass2.wav in Resources */ = {isa = PBXBuildFile; fileRef = C6B2DCC92AF7DDCB00C95593 /* brass2.wav */; };
		C6B2DCD02AF7DEC700C95593 /* piano2.wav in Resources */ = {isa = PBXBuildFile; fileRef = C6B2DCCD2AF7DEC700C95593 /* piano2.wav */; };
		C6B2DCD12AF7DEC700C95593 /* piano1.wav in Resources */ = {isa = PBXBuildFile; fileRef = C6B2DCCE2AF7DEC700C95593 /* piano1.wav */; };
		C6B2DCD22AF7DEC700C95593 /* piano3.wav in Resources */ = {isa = PBXBuildFile; fileRef = C6B2DCCF2AF7DEC700C95593 /* piano3.wav */; };
		C6C529AE2AF7124600A2F643 /* UITableViewCell+Ext.swift in Sources */ = {isa = PBXBuildFile; fileRef = C6C529AD2AF7124600A2F643 /* UITableViewCell+Ext.swift */; };
		C6C529B02AF7282F00A2F643 /* AudioRecordingLayerViewModel.swift in Sources */ = {isa = PBXBuildFile; fileRef = C6C529AF2AF7282F00A2F643 /* AudioRecordingLayerViewModel.swift */; };
		C6C529B22AF7BFA500A2F643 /* MicRecorder.swift in Sources */ = {isa = PBXBuildFile; fileRef = C6C529B12AF7BFA500A2F643 /* MicRecorder.swift */; };
		C6C529B52AF7C20800A2F643 /* FileManager+ext.swift in Sources */ = {isa = PBXBuildFile; fileRef = C6C529B42AF7C20800A2F643 /* FileManager+ext.swift */; };
		C6C6303C2AF553F600DF73AC /* AppDelegate.swift in Sources */ = {isa = PBXBuildFile; fileRef = C6C6303B2AF553F600DF73AC /* AppDelegate.swift */; };
		C6C6303E2AF553F600DF73AC /* SceneDelegate.swift in Sources */ = {isa = PBXBuildFile; fileRef = C6C6303D2AF553F600DF73AC /* SceneDelegate.swift */; };
		C6C630402AF553F600DF73AC /* LayerEditorViewController.swift in Sources */ = {isa = PBXBuildFile; fileRef = C6C6303F2AF553F600DF73AC /* LayerEditorViewController.swift */; };
		C6C630452AF553F700DF73AC /* Assets.xcassets in Resources */ = {isa = PBXBuildFile; fileRef = C6C630442AF553F700DF73AC /* Assets.xcassets */; };
		C6C630482AF553F700DF73AC /* LaunchScreen.storyboard in Resources */ = {isa = PBXBuildFile; fileRef = C6C630462AF553F700DF73AC /* LaunchScreen.storyboard */; };
		C6C630502AF55E2300DF73AC /* SampleSelectorControl.swift in Sources */ = {isa = PBXBuildFile; fileRef = C6C6304F2AF55E2300DF73AC /* SampleSelectorControl.swift */; };
		C6C630522AF56FCA00DF73AC /* Color.swift in Sources */ = {isa = PBXBuildFile; fileRef = C6C630512AF56FCA00DF73AC /* Color.swift */; };
		C6C630542AF572EF00DF73AC /* SampleEditorView.swift in Sources */ = {isa = PBXBuildFile; fileRef = C6C630532AF572EF00DF73AC /* SampleEditorView.swift */; };
		C6C630642AF6970E00DF73AC /* LayerViewModel.swift in Sources */ = {isa = PBXBuildFile; fileRef = C6C630632AF6970E00DF73AC /* LayerViewModel.swift */; };
/* End PBXBuildFile section */

/* Begin PBXFileReference section */
		0CC2AD1BF85DC601299C04C5 /* Pods-YaMusicMaker.debug.xcconfig */ = {isa = PBXFileReference; includeInIndex = 1; lastKnownFileType = text.xcconfig; name = "Pods-YaMusicMaker.debug.xcconfig"; path = "Target Support Files/Pods-YaMusicMaker/Pods-YaMusicMaker.debug.xcconfig"; sourceTree = "<group>"; };
		92BEB2641F76464D7F152D69 /* Pods_YaMusicMaker.framework */ = {isa = PBXFileReference; explicitFileType = wrapper.framework; includeInIndex = 0; path = Pods_YaMusicMaker.framework; sourceTree = BUILT_PRODUCTS_DIR; };
		A5D545C7AC360DBEE37B36D7 /* Pods-YaMusicMaker.release.xcconfig */ = {isa = PBXFileReference; includeInIndex = 1; lastKnownFileType = text.xcconfig; name = "Pods-YaMusicMaker.release.xcconfig"; path = "Target Support Files/Pods-YaMusicMaker/Pods-YaMusicMaker.release.xcconfig"; sourceTree = "<group>"; };
		C6005CEA2AF6A11F0097B76E /* LayerTableViewCell.swift */ = {isa = PBXFileReference; lastKnownFileType = sourcecode.swift; path = LayerTableViewCell.swift; sourceTree = "<group>"; };
		C6005CED2AF6A3710097B76E /* kick.wav */ = {isa = PBXFileReference; lastKnownFileType = audio.wav; path = kick.wav; sourceTree = "<group>"; };
		C6005CEE2AF6A3720097B76E /* snare.wav */ = {isa = PBXFileReference; lastKnownFileType = audio.wav; path = snare.wav; sourceTree = "<group>"; };
		C6005CEF2AF6A3720097B76E /* hihat.wav */ = {isa = PBXFileReference; lastKnownFileType = audio.wav; path = hihat.wav; sourceTree = "<group>"; };
		C6005CF52AF6A6BC0097B76E /* SelfSizingTableView.swift */ = {isa = PBXFileReference; lastKnownFileType = sourcecode.swift; path = SelfSizingTableView.swift; sourceTree = "<group>"; };
		C6005CF72AF6D51C0097B76E /* Sample.swift */ = {isa = PBXFileReference; lastKnownFileType = sourcecode.swift; path = Sample.swift; sourceTree = "<group>"; };
		C6005CF92AF6D6B10097B76E /* Constants.swift */ = {isa = PBXFileReference; lastKnownFileType = sourcecode.swift; path = Constants.swift; sourceTree = "<group>"; };
		C6005CFB2AF6DDAE0097B76E /* AudioService.swift */ = {isa = PBXFileReference; lastKnownFileType = sourcecode.swift; path = AudioService.swift; sourceTree = "<group>"; };
		C6B2DCC12AF7CCBF00C95593 /* TrackRecorder.swift */ = {isa = PBXFileReference; lastKnownFileType = sourcecode.swift; path = TrackRecorder.swift; sourceTree = "<group>"; };
		C6B2DCC32AF7D95C00C95593 /* UnsafeBufferPointer+ext.swift */ = {isa = PBXFileReference; lastKnownFileType = sourcecode.swift; path = "UnsafeBufferPointer+ext.swift"; sourceTree = "<group>"; };
		C6B2DCC52AF7D97100C95593 /* WaveformView.swift */ = {isa = PBXFileReference; lastKnownFileType = sourcecode.swift; path = WaveformView.swift; sourceTree = "<group>"; };
		C6B2DCC72AF7DDCB00C95593 /* brass3.wav */ = {isa = PBXFileReference; lastKnownFileType = audio.wav; path = brass3.wav; sourceTree = "<group>"; };
		C6B2DCC82AF7DDCB00C95593 /* brass1.wav */ = {isa = PBXFileReference; lastKnownFileType = audio.wav; path = brass1.wav; sourceTree = "<group>"; };
		C6B2DCC92AF7DDCB00C95593 /* brass2.wav */ = {isa = PBXFileReference; lastKnownFileType = audio.wav; path = brass2.wav; sourceTree = "<group>"; };
		C6B2DCCD2AF7DEC700C95593 /* piano2.wav */ = {isa = PBXFileReference; lastKnownFileType = audio.wav; path = piano2.wav; sourceTree = "<group>"; };
		C6B2DCCE2AF7DEC700C95593 /* piano1.wav */ = {isa = PBXFileReference; lastKnownFileType = audio.wav; path = piano1.wav; sourceTree = "<group>"; };
		C6B2DCCF2AF7DEC700C95593 /* piano3.wav */ = {isa = PBXFileReference; lastKnownFileType = audio.wav; path = piano3.wav; sourceTree = "<group>"; };
		C6C529AD2AF7124600A2F643 /* UITableViewCell+Ext.swift */ = {isa = PBXFileReference; lastKnownFileType = sourcecode.swift; path = "UITableViewCell+Ext.swift"; sourceTree = "<group>"; };
		C6C529AF2AF7282F00A2F643 /* AudioRecordingLayerViewModel.swift */ = {isa = PBXFileReference; lastKnownFileType = sourcecode.swift; path = AudioRecordingLayerViewModel.swift; sourceTree = "<group>"; };
		C6C529B12AF7BFA500A2F643 /* MicRecorder.swift */ = {isa = PBXFileReference; lastKnownFileType = sourcecode.swift; path = MicRecorder.swift; sourceTree = "<group>"; };
		C6C529B42AF7C20800A2F643 /* FileManager+ext.swift */ = {isa = PBXFileReference; lastKnownFileType = sourcecode.swift; path = "FileManager+ext.swift"; sourceTree = "<group>"; };
		C6C630382AF553F600DF73AC /* YaMusicMaker.app */ = {isa = PBXFileReference; explicitFileType = wrapper.application; includeInIndex = 0; path = YaMusicMaker.app; sourceTree = BUILT_PRODUCTS_DIR; };
		C6C6303B2AF553F600DF73AC /* AppDelegate.swift */ = {isa = PBXFileReference; lastKnownFileType = sourcecode.swift; path = AppDelegate.swift; sourceTree = "<group>"; };
		C6C6303D2AF553F600DF73AC /* SceneDelegate.swift */ = {isa = PBXFileReference; lastKnownFileType = sourcecode.swift; path = SceneDelegate.swift; sourceTree = "<group>"; };
		C6C6303F2AF553F600DF73AC /* LayerEditorViewController.swift */ = {isa = PBXFileReference; lastKnownFileType = sourcecode.swift; path = LayerEditorViewController.swift; sourceTree = "<group>"; };
		C6C630442AF553F700DF73AC /* Assets.xcassets */ = {isa = PBXFileReference; lastKnownFileType = folder.assetcatalog; path = Assets.xcassets; sourceTree = "<group>"; };
		C6C630472AF553F700DF73AC /* Base */ = {isa = PBXFileReference; lastKnownFileType = file.storyboard; name = Base; path = Base.lproj/LaunchScreen.storyboard; sourceTree = "<group>"; };
		C6C630492AF553F700DF73AC /* Info.plist */ = {isa = PBXFileReference; lastKnownFileType = text.plist.xml; path = Info.plist; sourceTree = "<group>"; };
		C6C6304F2AF55E2300DF73AC /* SampleSelectorControl.swift */ = {isa = PBXFileReference; lastKnownFileType = sourcecode.swift; path = SampleSelectorControl.swift; sourceTree = "<group>"; };
		C6C630512AF56FCA00DF73AC /* Color.swift */ = {isa = PBXFileReference; lastKnownFileType = sourcecode.swift; path = Color.swift; sourceTree = "<group>"; };
		C6C630532AF572EF00DF73AC /* SampleEditorView.swift */ = {isa = PBXFileReference; lastKnownFileType = sourcecode.swift; path = SampleEditorView.swift; sourceTree = "<group>"; };
		C6C630632AF6970E00DF73AC /* LayerViewModel.swift */ = {isa = PBXFileReference; lastKnownFileType = sourcecode.swift; path = LayerViewModel.swift; sourceTree = "<group>"; };
/* End PBXFileReference section */

/* Begin PBXFrameworksBuildPhase section */
		C6C630352AF553F600DF73AC /* Frameworks */ = {
			isa = PBXFrameworksBuildPhase;
			buildActionMask = 2147483647;
			files = (
				B4660213CE13BE1DB5EA88D1 /* Pods_YaMusicMaker.framework in Frameworks */,
			);
			runOnlyForDeploymentPostprocessing = 0;
		};
/* End PBXFrameworksBuildPhase section */

/* Begin PBXGroup section */
		37A19E11FAEC5E8AF006BD04 /* Pods */ = {
			isa = PBXGroup;
			children = (
				0CC2AD1BF85DC601299C04C5 /* Pods-YaMusicMaker.debug.xcconfig */,
				A5D545C7AC360DBEE37B36D7 /* Pods-YaMusicMaker.release.xcconfig */,
			);
			path = Pods;
			sourceTree = "<group>";
		};
		A85C788BEC2D7CEB30A1B157 /* Frameworks */ = {
			isa = PBXGroup;
			children = (
				92BEB2641F76464D7F152D69 /* Pods_YaMusicMaker.framework */,
			);
			name = Frameworks;
			sourceTree = "<group>";
		};
		C6005CEC2AF6A3660097B76E /* Resources */ = {
			isa = PBXGroup;
			children = (
				C6B2DCC82AF7DDCB00C95593 /* brass1.wav */,
				C6B2DCC92AF7DDCB00C95593 /* brass2.wav */,
				C6B2DCC72AF7DDCB00C95593 /* brass3.wav */,
				C6B2DCCE2AF7DEC700C95593 /* piano1.wav */,
				C6B2DCCD2AF7DEC700C95593 /* piano2.wav */,
				C6B2DCCF2AF7DEC700C95593 /* piano3.wav */,
				C6C630442AF553F700DF73AC /* Assets.xcassets */,
				C6C630462AF553F700DF73AC /* LaunchScreen.storyboard */,
				C6C630492AF553F700DF73AC /* Info.plist */,
				C6005CEF2AF6A3720097B76E /* hihat.wav */,
				C6005CEE2AF6A3720097B76E /* snare.wav */,
				C6005CED2AF6A3710097B76E /* kick.wav */,
			);
			path = Resources;
			sourceTree = "<group>";
		};
		C6005CF02AF6A3900097B76E /* Model */ = {
			isa = PBXGroup;
			children = (
				C6C630632AF6970E00DF73AC /* LayerViewModel.swift */,
				C6005CF72AF6D51C0097B76E /* Sample.swift */,
				C6C529AF2AF7282F00A2F643 /* AudioRecordingLayerViewModel.swift */,
			);
			path = Model;
			sourceTree = "<group>";
		};
		C6005CF42AF6A6B40097B76E /* Components */ = {
			isa = PBXGroup;
			children = (
				C6005CF52AF6A6BC0097B76E /* SelfSizingTableView.swift */,
				C6B2DCC52AF7D97100C95593 /* WaveformView.swift */,
			);
			path = Components;
			sourceTree = "<group>";
		};
		C6C529AC2AF7123A00A2F643 /* Extensions */ = {
			isa = PBXGroup;
			children = (
				C6C529AD2AF7124600A2F643 /* UITableViewCell+Ext.swift */,
				C6C529B42AF7C20800A2F643 /* FileManager+ext.swift */,
				C6B2DCC32AF7D95C00C95593 /* UnsafeBufferPointer+ext.swift */,
			);
			path = Extensions;
			sourceTree = "<group>";
		};
		C6C529B32AF7BFAF00A2F643 /* Services */ = {
			isa = PBXGroup;
			children = (
				C6005CFB2AF6DDAE0097B76E /* AudioService.swift */,
				C6C529B12AF7BFA500A2F643 /* MicRecorder.swift */,
				C6B2DCC12AF7CCBF00C95593 /* TrackRecorder.swift */,
			);
			path = Services;
			sourceTree = "<group>";
		};
		C6C6302F2AF553F600DF73AC = {
			isa = PBXGroup;
			children = (
				C6C6303A2AF553F600DF73AC /* YaMusicMaker */,
				C6C630392AF553F600DF73AC /* Products */,
				37A19E11FAEC5E8AF006BD04 /* Pods */,
				A85C788BEC2D7CEB30A1B157 /* Frameworks */,
			);
			sourceTree = "<group>";
		};
		C6C630392AF553F600DF73AC /* Products */ = {
			isa = PBXGroup;
			children = (
				C6C630382AF553F600DF73AC /* YaMusicMaker.app */,
			);
			name = Products;
			sourceTree = "<group>";
		};
		C6C6303A2AF553F600DF73AC /* YaMusicMaker */ = {
			isa = PBXGroup;
			children = (
				C6C6303B2AF553F600DF73AC /* AppDelegate.swift */,
				C6C630512AF56FCA00DF73AC /* Color.swift */,
				C6005CF92AF6D6B10097B76E /* Constants.swift */,
				C6C6303F2AF553F600DF73AC /* LayerEditorViewController.swift */,
				C6005CEA2AF6A11F0097B76E /* LayerTableViewCell.swift */,
				C6C630532AF572EF00DF73AC /* SampleEditorView.swift */,
				C6C6304F2AF55E2300DF73AC /* SampleSelectorControl.swift */,
				C6C6303D2AF553F600DF73AC /* SceneDelegate.swift */,
				C6005CF42AF6A6B40097B76E /* Components */,
				C6C529AC2AF7123A00A2F643 /* Extensions */,
				C6005CF02AF6A3900097B76E /* Model */,
				C6005CEC2AF6A3660097B76E /* Resources */,
				C6C529B32AF7BFAF00A2F643 /* Services */,
			);
			path = YaMusicMaker;
			sourceTree = "<group>";
		};
/* End PBXGroup section */

/* Begin PBXNativeTarget section */
		C6C630372AF553F600DF73AC /* YaMusicMaker */ = {
			isa = PBXNativeTarget;
			buildConfigurationList = C6C6304C2AF553F700DF73AC /* Build configuration list for PBXNativeTarget "YaMusicMaker" */;
			buildPhases = (
				7BF2861BBD29C8EB4A84C0B3 /* [CP] Check Pods Manifest.lock */,
				C6C630342AF553F600DF73AC /* Sources */,
				C6C630352AF553F600DF73AC /* Frameworks */,
				C6C630362AF553F600DF73AC /* Resources */,
				69FA3E7672475B3E8FA3B1E2 /* [CP] Embed Pods Frameworks */,
			);
			buildRules = (
			);
			dependencies = (
			);
			name = YaMusicMaker;
			productName = YaMusicMaker;
			productReference = C6C630382AF553F600DF73AC /* YaMusicMaker.app */;
			productType = "com.apple.product-type.application";
		};
/* End PBXNativeTarget section */

/* Begin PBXProject section */
		C6C630302AF553F600DF73AC /* Project object */ = {
			isa = PBXProject;
			attributes = {
				BuildIndependentTargetsInParallel = 1;
				LastSwiftUpdateCheck = 1430;
				LastUpgradeCheck = 1430;
				TargetAttributes = {
					C6C630372AF553F600DF73AC = {
						CreatedOnToolsVersion = 14.3.1;
					};
				};
			};
			buildConfigurationList = C6C630332AF553F600DF73AC /* Build configuration list for PBXProject "YaMusicMaker" */;
			compatibilityVersion = "Xcode 14.0";
			developmentRegion = en;
			hasScannedForEncodings = 0;
			knownRegions = (
				en,
				Base,
			);
			mainGroup = C6C6302F2AF553F600DF73AC;
			productRefGroup = C6C630392AF553F600DF73AC /* Products */;
			projectDirPath = "";
			projectRoot = "";
			targets = (
				C6C630372AF553F600DF73AC /* YaMusicMaker */,
			);
		};
/* End PBXProject section */

/* Begin PBXResourcesBuildPhase section */
		C6C630362AF553F600DF73AC /* Resources */ = {
			isa = PBXResourcesBuildPhase;
			buildActionMask = 2147483647;
			files = (
				C6B2DCD12AF7DEC700C95593 /* piano1.wav in Resources */,
				C6B2DCD22AF7DEC700C95593 /* piano3.wav in Resources */,
				C6B2DCCB2AF7DDCC00C95593 /* brass1.wav in Resources */,
				C6005CF32AF6A5330097B76E /* kick.wav in Resources */,
				C6C630482AF553F700DF73AC /* LaunchScreen.storyboard in Resources */,
				C6B2DCCC2AF7DDCC00C95593 /* brass2.wav in Resources */,
				C6005CF12AF6A52E0097B76E /* hihat.wav in Resources */,
				C6005CF22AF6A5310097B76E /* snare.wav in Resources */,
				C6B2DCD02AF7DEC700C95593 /* piano2.wav in Resources */,
				C6B2DCCA2AF7DDCC00C95593 /* brass3.wav in Resources */,
				C6C630452AF553F700DF73AC /* Assets.xcassets in Resources */,
			);
			runOnlyForDeploymentPostprocessing = 0;
		};
/* End PBXResourcesBuildPhase section */

/* Begin PBXShellScriptBuildPhase section */
		69FA3E7672475B3E8FA3B1E2 /* [CP] Embed Pods Frameworks */ = {
			isa = PBXShellScriptBuildPhase;
			buildActionMask = 2147483647;
			files = (
			);
			inputFileListPaths = (
				"${PODS_ROOT}/Target Support Files/Pods-YaMusicMaker/Pods-YaMusicMaker-frameworks-${CONFIGURATION}-input-files.xcfilelist",
			);
			name = "[CP] Embed Pods Frameworks";
			outputFileListPaths = (
				"${PODS_ROOT}/Target Support Files/Pods-YaMusicMaker/Pods-YaMusicMaker-frameworks-${CONFIGURATION}-output-files.xcfilelist",
			);
			runOnlyForDeploymentPostprocessing = 0;
			shellPath = /bin/sh;
			shellScript = "\"${PODS_ROOT}/Target Support Files/Pods-YaMusicMaker/Pods-YaMusicMaker-frameworks.sh\"\n";
			showEnvVarsInLog = 0;
		};
		7BF2861BBD29C8EB4A84C0B3 /* [CP] Check Pods Manifest.lock */ = {
			isa = PBXShellScriptBuildPhase;
			buildActionMask = 2147483647;
			files = (
			);
			inputFileListPaths = (
			);
			inputPaths = (
				"${PODS_PODFILE_DIR_PATH}/Podfile.lock",
				"${PODS_ROOT}/Manifest.lock",
			);
			name = "[CP] Check Pods Manifest.lock";
			outputFileListPaths = (
			);
			outputPaths = (
				"$(DERIVED_FILE_DIR)/Pods-YaMusicMaker-checkManifestLockResult.txt",
			);
			runOnlyForDeploymentPostprocessing = 0;
			shellPath = /bin/sh;
			shellScript = "diff \"${PODS_PODFILE_DIR_PATH}/Podfile.lock\" \"${PODS_ROOT}/Manifest.lock\" > /dev/null\nif [ $? != 0 ] ; then\n    # print error to STDERR\n    echo \"error: The sandbox is not in sync with the Podfile.lock. Run 'pod install' or update your CocoaPods installation.\" >&2\n    exit 1\nfi\n# This output is used by Xcode 'outputs' to avoid re-running this script phase.\necho \"SUCCESS\" > \"${SCRIPT_OUTPUT_FILE_0}\"\n";
			showEnvVarsInLog = 0;
		};
/* End PBXShellScriptBuildPhase section */

/* Begin PBXSourcesBuildPhase section */
		C6C630342AF553F600DF73AC /* Sources */ = {
			isa = PBXSourcesBuildPhase;
			buildActionMask = 2147483647;
			files = (
				C6C630642AF6970E00DF73AC /* LayerViewModel.swift in Sources */,
				C6005CFA2AF6D6B10097B76E /* Constants.swift in Sources */,
				C6C630402AF553F600DF73AC /* LayerEditorViewController.swift in Sources */,
				C6C529B02AF7282F00A2F643 /* AudioRecordingLayerViewModel.swift in Sources */,
				C6C6303C2AF553F600DF73AC /* AppDelegate.swift in Sources */,
				C6C529AE2AF7124600A2F643 /* UITableViewCell+Ext.swift in Sources */,
				C6005CEB2AF6A11F0097B76E /* LayerTableViewCell.swift in Sources */,
				C6B2DCC42AF7D95C00C95593 /* UnsafeBufferPointer+ext.swift in Sources */,
				C6B2DCC22AF7CCBF00C95593 /* TrackRecorder.swift in Sources */,
				C6C529B52AF7C20800A2F643 /* FileManager+ext.swift in Sources */,
				C6C630502AF55E2300DF73AC /* SampleSelectorControl.swift in Sources */,
				C6005CF82AF6D51C0097B76E /* Sample.swift in Sources */,
				C6C630522AF56FCA00DF73AC /* Color.swift in Sources */,
				C6005CFC2AF6DDAE0097B76E /* AudioService.swift in Sources */,
				C6C529B22AF7BFA500A2F643 /* MicRecorder.swift in Sources */,
				C6B2DCC62AF7D97100C95593 /* WaveformView.swift in Sources */,
				C6005CF62AF6A6BC0097B76E /* SelfSizingTableView.swift in Sources */,
				C6C6303E2AF553F600DF73AC /* SceneDelegate.swift in Sources */,
				C6C630542AF572EF00DF73AC /* SampleEditorView.swift in Sources */,
			);
			runOnlyForDeploymentPostprocessing = 0;
		};
/* End PBXSourcesBuildPhase section */

/* Begin PBXVariantGroup section */
		C6C630462AF553F700DF73AC /* LaunchScreen.storyboard */ = {
			isa = PBXVariantGroup;
			children = (
				C6C630472AF553F700DF73AC /* Base */,
			);
			name = LaunchScreen.storyboard;
			sourceTree = "<group>";
		};
/* End PBXVariantGroup section */

/* Begin XCBuildConfiguration section */
		C6C6304A2AF553F700DF73AC /* Debug */ = {
			isa = XCBuildConfiguration;
			buildSettings = {
				ALWAYS_SEARCH_USER_PATHS = NO;
				CLANG_ANALYZER_NONNULL = YES;
				CLANG_ANALYZER_NUMBER_OBJECT_CONVERSION = YES_AGGRESSIVE;
				CLANG_CXX_LANGUAGE_STANDARD = "gnu++20";
				CLANG_ENABLE_MODULES = YES;
				CLANG_ENABLE_OBJC_ARC = YES;
				CLANG_ENABLE_OBJC_WEAK = YES;
				CLANG_WARN_BLOCK_CAPTURE_AUTORELEASING = YES;
				CLANG_WARN_BOOL_CONVERSION = YES;
				CLANG_WARN_COMMA = YES;
				CLANG_WARN_CONSTANT_CONVERSION = YES;
				CLANG_WARN_DEPRECATED_OBJC_IMPLEMENTATIONS = YES;
				CLANG_WARN_DIRECT_OBJC_ISA_USAGE = YES_ERROR;
				CLANG_WARN_DOCUMENTATION_COMMENTS = YES;
				CLANG_WARN_EMPTY_BODY = YES;
				CLANG_WARN_ENUM_CONVERSION = YES;
				CLANG_WARN_INFINITE_RECURSION = YES;
				CLANG_WARN_INT_CONVERSION = YES;
				CLANG_WARN_NON_LITERAL_NULL_CONVERSION = YES;
				CLANG_WARN_OBJC_IMPLICIT_RETAIN_SELF = YES;
				CLANG_WARN_OBJC_LITERAL_CONVERSION = YES;
				CLANG_WARN_OBJC_ROOT_CLASS = YES_ERROR;
				CLANG_WARN_QUOTED_INCLUDE_IN_FRAMEWORK_HEADER = YES;
				CLANG_WARN_RANGE_LOOP_ANALYSIS = YES;
				CLANG_WARN_STRICT_PROTOTYPES = YES;
				CLANG_WARN_SUSPICIOUS_MOVE = YES;
				CLANG_WARN_UNGUARDED_AVAILABILITY = YES_AGGRESSIVE;
				CLANG_WARN_UNREACHABLE_CODE = YES;
				CLANG_WARN__DUPLICATE_METHOD_MATCH = YES;
				COPY_PHASE_STRIP = NO;
				DEBUG_INFORMATION_FORMAT = dwarf;
				ENABLE_STRICT_OBJC_MSGSEND = YES;
				ENABLE_TESTABILITY = YES;
				GCC_C_LANGUAGE_STANDARD = gnu11;
				GCC_DYNAMIC_NO_PIC = NO;
				GCC_NO_COMMON_BLOCKS = YES;
				GCC_OPTIMIZATION_LEVEL = 0;
				GCC_PREPROCESSOR_DEFINITIONS = (
					"DEBUG=1",
					"$(inherited)",
				);
				GCC_WARN_64_TO_32_BIT_CONVERSION = YES;
				GCC_WARN_ABOUT_RETURN_TYPE = YES_ERROR;
				GCC_WARN_UNDECLARED_SELECTOR = YES;
				GCC_WARN_UNINITIALIZED_AUTOS = YES_AGGRESSIVE;
				GCC_WARN_UNUSED_FUNCTION = YES;
				GCC_WARN_UNUSED_VARIABLE = YES;
				IPHONEOS_DEPLOYMENT_TARGET = 16.4;
				MTL_ENABLE_DEBUG_INFO = INCLUDE_SOURCE;
				MTL_FAST_MATH = YES;
				ONLY_ACTIVE_ARCH = YES;
				SDKROOT = iphoneos;
				SWIFT_ACTIVE_COMPILATION_CONDITIONS = DEBUG;
				SWIFT_OPTIMIZATION_LEVEL = "-Onone";
			};
			name = Debug;
		};
		C6C6304B2AF553F700DF73AC /* Release */ = {
			isa = XCBuildConfiguration;
			buildSettings = {
				ALWAYS_SEARCH_USER_PATHS = NO;
				CLANG_ANALYZER_NONNULL = YES;
				CLANG_ANALYZER_NUMBER_OBJECT_CONVERSION = YES_AGGRESSIVE;
				CLANG_CXX_LANGUAGE_STANDARD = "gnu++20";
				CLANG_ENABLE_MODULES = YES;
				CLANG_ENABLE_OBJC_ARC = YES;
				CLANG_ENABLE_OBJC_WEAK = YES;
				CLANG_WARN_BLOCK_CAPTURE_AUTORELEASING = YES;
				CLANG_WARN_BOOL_CONVERSION = YES;
				CLANG_WARN_COMMA = YES;
				CLANG_WARN_CONSTANT_CONVERSION = YES;
				CLANG_WARN_DEPRECATED_OBJC_IMPLEMENTATIONS = YES;
				CLANG_WARN_DIRECT_OBJC_ISA_USAGE = YES_ERROR;
				CLANG_WARN_DOCUMENTATION_COMMENTS = YES;
				CLANG_WARN_EMPTY_BODY = YES;
				CLANG_WARN_ENUM_CONVERSION = YES;
				CLANG_WARN_INFINITE_RECURSION = YES;
				CLANG_WARN_INT_CONVERSION = YES;
				CLANG_WARN_NON_LITERAL_NULL_CONVERSION = YES;
				CLANG_WARN_OBJC_IMPLICIT_RETAIN_SELF = YES;
				CLANG_WARN_OBJC_LITERAL_CONVERSION = YES;
				CLANG_WARN_OBJC_ROOT_CLASS = YES_ERROR;
				CLANG_WARN_QUOTED_INCLUDE_IN_FRAMEWORK_HEADER = YES;
				CLANG_WARN_RANGE_LOOP_ANALYSIS = YES;
				CLANG_WARN_STRICT_PROTOTYPES = YES;
				CLANG_WARN_SUSPICIOUS_MOVE = YES;
				CLANG_WARN_UNGUARDED_AVAILABILITY = YES_AGGRESSIVE;
				CLANG_WARN_UNREACHABLE_CODE = YES;
				CLANG_WARN__DUPLICATE_METHOD_MATCH = YES;
				COPY_PHASE_STRIP = NO;
				DEBUG_INFORMATION_FORMAT = "dwarf-with-dsym";
				ENABLE_NS_ASSERTIONS = NO;
				ENABLE_STRICT_OBJC_MSGSEND = YES;
				GCC_C_LANGUAGE_STANDARD = gnu11;
				GCC_NO_COMMON_BLOCKS = YES;
				GCC_WARN_64_TO_32_BIT_CONVERSION = YES;
				GCC_WARN_ABOUT_RETURN_TYPE = YES_ERROR;
				GCC_WARN_UNDECLARED_SELECTOR = YES;
				GCC_WARN_UNINITIALIZED_AUTOS = YES_AGGRESSIVE;
				GCC_WARN_UNUSED_FUNCTION = YES;
				GCC_WARN_UNUSED_VARIABLE = YES;
				IPHONEOS_DEPLOYMENT_TARGET = 16.4;
				MTL_ENABLE_DEBUG_INFO = NO;
				MTL_FAST_MATH = YES;
				SDKROOT = iphoneos;
				SWIFT_COMPILATION_MODE = wholemodule;
				SWIFT_OPTIMIZATION_LEVEL = "-O";
				VALIDATE_PRODUCT = YES;
			};
			name = Release;
		};
		C6C6304D2AF553F700DF73AC /* Debug */ = {
			isa = XCBuildConfiguration;
			baseConfigurationReference = 0CC2AD1BF85DC601299C04C5 /* Pods-YaMusicMaker.debug.xcconfig */;
			buildSettings = {
				ASSETCATALOG_COMPILER_APPICON_NAME = AppIcon;
				ASSETCATALOG_COMPILER_GLOBAL_ACCENT_COLOR_NAME = AccentColor;
				CODE_SIGN_STYLE = Automatic;
				CURRENT_PROJECT_VERSION = 1;
				DEVELOPMENT_TEAM = RNXT6P5KC8;
				GENERATE_INFOPLIST_FILE = YES;
				INFOPLIST_FILE = YaMusicMaker/Resources/Info.plist;
				INFOPLIST_KEY_NSMicrophoneUsageDescription = "We need your mic to record voice layers";
				INFOPLIST_KEY_UIApplicationSupportsIndirectInputEvents = YES;
				INFOPLIST_KEY_UILaunchStoryboardName = LaunchScreen;
				INFOPLIST_KEY_UISupportedInterfaceOrientations = UIInterfaceOrientationPortrait;
				INFOPLIST_KEY_UISupportedInterfaceOrientations_iPad = "UIInterfaceOrientationLandscapeLeft UIInterfaceOrientationLandscapeRight UIInterfaceOrientationPortrait UIInterfaceOrientationPortraitUpsideDown";
				INFOPLIST_KEY_UIUserInterfaceStyle = Dark;
				IPHONEOS_DEPLOYMENT_TARGET = 16.0;
				LD_RUNPATH_SEARCH_PATHS = (
					"$(inherited)",
					"@executable_path/Frameworks",
				);
				MARKETING_VERSION = 1.0;
				PRODUCT_BUNDLE_IDENTIFIER = com.vladEliseev.YaMusicMaker;
				PRODUCT_NAME = "$(TARGET_NAME)";
				SWIFT_EMIT_LOC_STRINGS = YES;
				SWIFT_VERSION = 5.0;
				TARGETED_DEVICE_FAMILY = "1,2";
			};
			name = Debug;
		};
		C6C6304E2AF553F700DF73AC /* Release */ = {
			isa = XCBuildConfiguration;
			baseConfigurationReference = A5D545C7AC360DBEE37B36D7 /* Pods-YaMusicMaker.release.xcconfig */;
			buildSettings = {
				ASSETCATALOG_COMPILER_APPICON_NAME = AppIcon;
				ASSETCATALOG_COMPILER_GLOBAL_ACCENT_COLOR_NAME = AccentColor;
				CODE_SIGN_STYLE = Automatic;
				CURRENT_PROJECT_VERSION = 1;
				DEVELOPMENT_TEAM = RNXT6P5KC8;
				GENERATE_INFOPLIST_FILE = YES;
				INFOPLIST_FILE = YaMusicMaker/Resources/Info.plist;
				INFOPLIST_KEY_NSMicrophoneUsageDescription = "We need your mic to record voice layers";
				INFOPLIST_KEY_UIApplicationSupportsIndirectInputEvents = YES;
				INFOPLIST_KEY_UILaunchStoryboardName = LaunchScreen;
				INFOPLIST_KEY_UISupportedInterfaceOrientations = UIInterfaceOrientationPortrait;
				INFOPLIST_KEY_UISupportedInterfaceOrientations_iPad = "UIInterfaceOrientationLandscapeLeft UIInterfaceOrientationLandscapeRight UIInterfaceOrientationPortrait UIInterfaceOrientationPortraitUpsideDown";
				INFOPLIST_KEY_UIUserInterfaceStyle = Dark;
				IPHONEOS_DEPLOYMENT_TARGET = 16.0;
				LD_RUNPATH_SEARCH_PATHS = (
					"$(inherited)",
					"@executable_path/Frameworks",
				);
				MARKETING_VERSION = 1.0;
				PRODUCT_BUNDLE_IDENTIFIER = com.vladEliseev.YaMusicMaker;
				PRODUCT_NAME = "$(TARGET_NAME)";
				SWIFT_EMIT_LOC_STRINGS = YES;
				SWIFT_VERSION = 5.0;
				TARGETED_DEVICE_FAMILY = "1,2";
			};
			name = Release;
		};
/* End XCBuildConfiguration section */

/* Begin XCConfigurationList section */
		C6C630332AF553F600DF73AC /* Build configuration list for PBXProject "YaMusicMaker" */ = {
			isa = XCConfigurationList;
			buildConfigurations = (
				C6C6304A2AF553F700DF73AC /* Debug */,
				C6C6304B2AF553F700DF73AC /* Release */,
			);
			defaultConfigurationIsVisible = 0;
			defaultConfigurationName = Release;
		};
		C6C6304C2AF553F700DF73AC /* Build configuration list for PBXNativeTarget "YaMusicMaker" */ = {
			isa = XCConfigurationList;
			buildConfigurations = (
				C6C6304D2AF553F700DF73AC /* Debug */,
				C6C6304E2AF553F700DF73AC /* Release */,
			);
			defaultConfigurationIsVisible = 0;
			defaultConfigurationName = Release;
		};
/* End XCConfigurationList section */
	};
	rootObject = C6C630302AF553F600DF73AC /* Project object */;
}
